
Microsoft Visual Studio Solution File, Format Version 12.00
# Visual Studio 2013
VisualStudioVersion = 12.0.31101.0
MinimumVisualStudioVersion = 10.0.40219.1
Project("{2150E333-8FDC-42A3-9474-1A3956D46DE8}") = "01-Common", "01-Common", "{9716E64F-E165-4CE2-95BB-F9F46BC4A92E}"
EndProject
Project("{FAE04EC0-301F-11D3-BF4B-00C04F79EFBC}") = "CPSS.Common.Core.Type", "Common\CPSS.Common.Core.Type\CPSS.Common.Core.Type.csproj", "{D136F3C8-F518-4071-90CF-26FB8B8E296A}"
EndProject
Project("{FAE04EC0-301F-11D3-BF4B-00C04F79EFBC}") = "CPSS.Common.Helper", "Common\CPSS.Common.Helper\CPSS.Common.Helper.csproj", "{52AA19B4-E29E-4237-95F0-58C7E1EAA46D}"
EndProject
Project("{FAE04EC0-301F-11D3-BF4B-00C04F79EFBC}") = "CPSS.Common.HTTP", "Common\CPSS.Common.HTTP\CPSS.Common.HTTP.csproj", "{D23E364C-26D0-4409-AE2D-9DB5AF4FA572}"
EndProject
Project("{2150E333-8FDC-42A3-9474-1A3956D46DE8}") = "02-Data", "02-Data", "{18475F7A-6F23-400C-BD35-02AC93BA8BF9}"
EndProject
Project("{2150E333-8FDC-42A3-9474-1A3956D46DE8}") = "03-Service", "03-Service", "{19A6CCA8-A599-41CD-B56F-863ACC003E7D}"
EndProject
Project("{2150E333-8FDC-42A3-9474-1A3956D46DE8}") = "04-WWW", "04-WWW", "{EC8522FA-4A86-462E-8D99-B5D93E1743F8}"
EndProject
Project("{FAE04EC0-301F-11D3-BF4B-00C04F79EFBC}") = "CPSS.Data.DataAccess.Interfaces", "Data\CPSS.Data.DataAccess.Interfaces\CPSS.Data.DataAccess.Interfaces.csproj", "{B95A4CE0-B75A-41FE-91A1-C6A69E6A9AC7}"
EndProject
Project("{FAE04EC0-301F-11D3-BF4B-00C04F79EFBC}") = "CPSS.Data.DataAcess.DataModels", "Data\CPSS.Data.DataAcess.DataModels\CPSS.Data.DataAcess.DataModels.csproj", "{4D260557-883D-4DAC-B1FC-E2F4D031F106}"
EndProject
Project("{FAE04EC0-301F-11D3-BF4B-00C04F79EFBC}") = "CPSS.Data.DataAccess", "Data\CPSS.Data.DataAccess\CPSS.Data.DataAccess.csproj", "{40657EA0-4675-4383-B704-14C6D18E2044}"
EndProject
Project("{FAE04EC0-301F-11D3-BF4B-00C04F79EFBC}") = "CPSS.Data.DataAccess.DataModelMapper", "Data\CPSS.Data.DataAccess.DataModelMapper\CPSS.Data.DataAccess.DataModelMapper.csproj", "{2B0BCED4-F371-46AB-9F1B-7D018C5C28E3}"
EndProject
Project("{FAE04EC0-301F-11D3-BF4B-00C04F79EFBC}") = "CPSS.Service.ViewService.Interfaces", "Service\CPSS.Service.ViewService.Interfaces\CPSS.Service.ViewService.Interfaces.csproj", "{2EB1A678-F426-4EC9-BBE0-F6312F985784}"
EndProject
Project("{FAE04EC0-301F-11D3-BF4B-00C04F79EFBC}") = "CPSS.Service.ViewService.ViewModels", "Service\CPSS.Service.ViewService.ViewModels\CPSS.Service.ViewService.ViewModels.csproj", "{DC83CBE0-F68C-4B4C-90E4-4131C729B80A}"
EndProject
Project("{FAE04EC0-301F-11D3-BF4B-00C04F79EFBC}") = "CPSS.Service.ViewService", "Service\CPSS.Service.ViewService\CPSS.Service.ViewService.csproj", "{4E5DB593-39A3-47B5-B0AD-4CBBE50B73CD}"
EndProject
Project("{FAE04EC0-301F-11D3-BF4B-00C04F79EFBC}") = "CPSS.Common.Core.Validation", "Common\CPSS.Common.Core.Validation\CPSS.Common.Core.Validation.csproj", "{BBF0EFFC-813A-41D1-B78E-0D32B27DE630}"
EndProject
Project("{FAE04EC0-301F-11D3-BF4B-00C04F79EFBC}") = "CPSS.Common.Core.Exception", "Common\CPSS.Common.Core.Exception\CPSS.Common.Core.Exception.csproj", "{1BA135E5-7027-43F0-80C5-1637E9A31666}"
EndProject
Project("{FAE04EC0-301F-11D3-BF4B-00C04F79EFBC}") = "CPSS.Web", "WWW\CPSS.Web\CPSS.Web.csproj", "{46348D35-0413-45BF-8604-3E11EEFC0838}"
EndProject
Project("{FAE04EC0-301F-11D3-BF4B-00C04F79EFBC}") = "CPSS.Common.Core.Mvc", "Common\CPSS.Common.Core.Mvc\CPSS.Common.Core.Mvc.csproj", "{10BEFE5A-108D-44E0-8715-E42B814C75A5}"
EndProject
Global
	GlobalSection(SolutionConfigurationPlatforms) = preSolution
		Debug|Any CPU = Debug|Any CPU
		Release|Any CPU = Release|Any CPU
	EndGlobalSection
	GlobalSection(ProjectConfigurationPlatforms) = postSolution
		{D136F3C8-F518-4071-90CF-26FB8B8E296A}.Debug|Any CPU.ActiveCfg = Debug|Any CPU
		{D136F3C8-F518-4071-90CF-26FB8B8E296A}.Debug|Any CPU.Build.0 = Debug|Any CPU
		{D136F3C8-F518-4071-90CF-26FB8B8E296A}.Release|Any CPU.ActiveCfg = Release|Any CPU
		{D136F3C8-F518-4071-90CF-26FB8B8E296A}.Release|Any CPU.Build.0 = Release|Any CPU
		{52AA19B4-E29E-4237-95F0-58C7E1EAA46D}.Debug|Any CPU.ActiveCfg = Debug|Any CPU
		{52AA19B4-E29E-4237-95F0-58C7E1EAA46D}.Debug|Any CPU.Build.0 = Debug|Any CPU
		{52AA19B4-E29E-4237-95F0-58C7E1EAA46D}.Release|Any CPU.ActiveCfg = Release|Any CPU
		{52AA19B4-E29E-4237-95F0-58C7E1EAA46D}.Release|Any CPU.Build.0 = Release|Any CPU
		{D23E364C-26D0-4409-AE2D-9DB5AF4FA572}.Debug|Any CPU.ActiveCfg = Debug|Any CPU
		{D23E364C-26D0-4409-AE2D-9DB5AF4FA572}.Debug|Any CPU.Build.0 = Debug|Any CPU
		{D23E364C-26D0-4409-AE2D-9DB5AF4FA572}.Release|Any CPU.ActiveCfg = Release|Any CPU
		{D23E364C-26D0-4409-AE2D-9DB5AF4FA572}.Release|Any CPU.Build.0 = Release|Any CPU
		{B95A4CE0-B75A-41FE-91A1-C6A69E6A9AC7}.Debug|Any CPU.ActiveCfg = Debug|Any CPU
		{B95A4CE0-B75A-41FE-91A1-C6A69E6A9AC7}.Debug|Any CPU.Build.0 = Debug|Any CPU
		{B95A4CE0-B75A-41FE-91A1-C6A69E6A9AC7}.Release|Any CPU.ActiveCfg = Release|Any CPU
		{B95A4CE0-B75A-41FE-91A1-C6A69E6A9AC7}.Release|Any CPU.Build.0 = Release|Any CPU
		{4D260557-883D-4DAC-B1FC-E2F4D031F106}.Debug|Any CPU.ActiveCfg = Debug|Any CPU
		{4D260557-883D-4DAC-B1FC-E2F4D031F106}.Debug|Any CPU.Build.0 = Debug|Any CPU
		{4D260557-883D-4DAC-B1FC-E2F4D031F106}.Release|Any CPU.ActiveCfg = Release|Any CPU
		{4D260557-883D-4DAC-B1FC-E2F4D031F106}.Release|Any CPU.Build.0 = Release|Any CPU
		{40657EA0-4675-4383-B704-14C6D18E2044}.Debug|Any CPU.ActiveCfg = Debug|Any CPU
		{40657EA0-4675-4383-B704-14C6D18E2044}.Debug|Any CPU.Build.0 = Debug|Any CPU
		{40657EA0-4675-4383-B704-14C6D18E2044}.Release|Any CPU.ActiveCfg = Release|Any CPU
		{40657EA0-4675-4383-B704-14C6D18E2044}.Release|Any CPU.Build.0 = Release|Any CPU
		{2B0BCED4-F371-46AB-9F1B-7D018C5C28E3}.Debug|Any CPU.ActiveCfg = Debug|Any CPU
		{2B0BCED4-F371-46AB-9F1B-7D018C5C28E3}.Debug|Any CPU.Build.0 = Debug|Any CPU
		{2B0BCED4-F371-46AB-9F1B-7D018C5C28E3}.Release|Any CPU.ActiveCfg = Release|Any CPU
		{2B0BCED4-F371-46AB-9F1B-7D018C5C28E3}.Release|Any CPU.Build.0 = Release|Any CPU
		{2EB1A678-F426-4EC9-BBE0-F6312F985784}.Debug|Any CPU.ActiveCfg = Debug|Any CPU
		{2EB1A678-F426-4EC9-BBE0-F6312F985784}.Debug|Any CPU.Build.0 = Debug|Any CPU
		{2EB1A678-F426-4EC9-BBE0-F6312F985784}.Release|Any CPU.ActiveCfg = Release|Any CPU
		{2EB1A678-F426-4EC9-BBE0-F6312F985784}.Release|Any CPU.Build.0 = Release|Any CPU
		{DC83CBE0-F68C-4B4C-90E4-4131C729B80A}.Debug|Any CPU.ActiveCfg = Debug|Any CPU
		{DC83CBE0-F68C-4B4C-90E4-4131C729B80A}.Debug|Any CPU.Build.0 = Debug|Any CPU
		{DC83CBE0-F68C-4B4C-90E4-4131C729B80A}.Release|Any CPU.ActiveCfg = Release|Any CPU
		{DC83CBE0-F68C-4B4C-90E4-4131C729B80A}.Release|Any CPU.Build.0 = Release|Any CPU
		{4E5DB593-39A3-47B5-B0AD-4CBBE50B73CD}.Debug|Any CPU.ActiveCfg = Debug|Any CPU
		{4E5DB593-39A3-47B5-B0AD-4CBBE50B73CD}.Debug|Any CPU.Build.0 = Debug|Any CPU
		{4E5DB593-39A3-47B5-B0AD-4CBBE50B73CD}.Release|Any CPU.ActiveCfg = Release|Any CPU
		{4E5DB593-39A3-47B5-B0AD-4CBBE50B73CD}.Release|Any CPU.Build.0 = Release|Any CPU
		{BBF0EFFC-813A-41D1-B78E-0D32B27DE630}.Debug|Any CPU.ActiveCfg = Debug|Any CPU
		{BBF0EFFC-813A-41D1-B78E-0D32B27DE630}.Debug|Any CPU.Build.0 = Debug|Any CPU
		{BBF0EFFC-813A-41D1-B78E-0D32B27DE630}.Release|Any CPU.ActiveCfg = Release|Any CPU
		{BBF0EFFC-813A-41D1-B78E-0D32B27DE630}.Release|Any CPU.Build.0 = Release|Any CPU
		{1BA135E5-7027-43F0-80C5-1637E9A31666}.Debug|Any CPU.ActiveCfg = Debug|Any CPU
		{1BA135E5-7027-43F0-80C5-1637E9A31666}.Debug|Any CPU.Build.0 = Debug|Any CPU
		{1BA135E5-7027-43F0-80C5-1637E9A31666}.Release|Any CPU.ActiveCfg = Release|Any CPU
		{1BA135E5-7027-43F0-80C5-1637E9A31666}.Release|Any CPU.Build.0 = Release|Any CPU
		{46348D35-0413-45BF-8604-3E11EEFC0838}.Debug|Any CPU.ActiveCfg = Debug|Any CPU
		{46348D35-0413-45BF-8604-3E11EEFC0838}.Debug|Any CPU.Build.0 = Debug|Any CPU
		{46348D35-0413-45BF-8604-3E11EEFC0838}.Release|Any CPU.ActiveCfg = Release|Any CPU
		{46348D35-0413-45BF-8604-3E11EEFC0838}.Release|Any CPU.Build.0 = Release|Any CPU
		{10BEFE5A-108D-44E0-8715-E42B814C75A5}.Debug|Any CPU.ActiveCfg = Debug|Any CPU
		{10BEFE5A-108D-44E0-8715-E42B814C75A5}.Debug|Any CPU.Build.0 = Debug|Any CPU
		{10BEFE5A-108D-44E0-8715-E42B814C75A5}.Release|Any CPU.ActiveCfg = Release|Any CPU
		{10BEFE5A-108D-44E0-8715-E42B814C75A5}.Release|Any CPU.Build.0 = Release|Any CPU
	EndGlobalSection
	GlobalSection(SolutionProperties) = preSolution
		HideSolutionNode = FALSE
	EndGlobalSection
	GlobalSection(NestedProjects) = preSolution
		{D136F3C8-F518-4071-90CF-26FB8B8E296A} = {9716E64F-E165-4CE2-95BB-F9F46BC4A92E}
		{52AA19B4-E29E-4237-95F0-58C7E1EAA46D} = {9716E64F-E165-4CE2-95BB-F9F46BC4A92E}
		{D23E364C-26D0-4409-AE2D-9DB5AF4FA572} = {9716E64F-E165-4CE2-95BB-F9F46BC4A92E}
		{B95A4CE0-B75A-41FE-91A1-C6A69E6A9AC7} = {18475F7A-6F23-400C-BD35-02AC93BA8BF9}
		{4D260557-883D-4DAC-B1FC-E2F4D031F106} = {18475F7A-6F23-400C-BD35-02AC93BA8BF9}
		{40657EA0-4675-4383-B704-14C6D18E2044} = {18475F7A-6F23-400C-BD35-02AC93BA8BF9}
		{2B0BCED4-F371-46AB-9F1B-7D018C5C28E3} = {18475F7A-6F23-400C-BD35-02AC93BA8BF9}
		{2EB1A678-F426-4EC9-BBE0-F6312F985784} = {19A6CCA8-A599-41CD-B56F-863ACC003E7D}
		{DC83CBE0-F68C-4B4C-90E4-4131C729B80A} = {19A6CCA8-A599-41CD-B56F-863ACC003E7D}
		{4E5DB593-39A3-47B5-B0AD-4CBBE50B73CD} = {19A6CCA8-A599-41CD-B56F-863ACC003E7D}
		{BBF0EFFC-813A-41D1-B78E-0D32B27DE630} = {9716E64F-E165-4CE2-95BB-F9F46BC4A92E}
		{1BA135E5-7027-43F0-80C5-1637E9A31666} = {9716E64F-E165-4CE2-95BB-F9F46BC4A92E}
		{46348D35-0413-45BF-8604-3E11EEFC0838} = {EC8522FA-4A86-462E-8D99-B5D93E1743F8}
		{10BEFE5A-108D-44E0-8715-E42B814C75A5} = {9716E64F-E165-4CE2-95BB-F9F46BC4A92E}
	EndGlobalSection
EndGlobal
