
Microsoft Visual Studio Solution File, Format Version 12.00
# Visual Studio 14
VisualStudioVersion = 14.0.24720.0
MinimumVisualStudioVersion = 10.0.40219.1
Project("{2150E333-8FDC-42A3-9474-1A3956D46DE8}") = "01-Common", "01-Common", "{7F2DA74E-AB87-4362-9AC8-4B5BB53975D0}"
EndProject
Project("{FAE04EC0-301F-11D3-BF4B-00C04F79EFBC}") = "CPSS.Common.Core", "Common\CPSS.Common.Core\CPSS.Common.Core.csproj", "{0FACB83C-5540-401C-A87D-B06FAE50ABED}"
EndProject
Project("{FAE04EC0-301F-11D3-BF4B-00C04F79EFBC}") = "CPSS.Common.Core.Helper", "Common\CPSS.Common.Helper\CPSS.Common.Core.Helper.csproj", "{52AA19B4-E29E-4237-95F0-58C7E1EAA46D}"
EndProject
Project("{2150E333-8FDC-42A3-9474-1A3956D46DE8}") = "A", "A", "{EBA09683-8DE2-4B6C-8AFA-2B21A9A0D3CA}"
EndProject
Project("{2150E333-8FDC-42A3-9474-1A3956D46DE8}") = "B", "B", "{DB51764E-BD54-44CA-B130-EB5BE9673E47}"
EndProject
Project("{FAE04EC0-301F-11D3-BF4B-00C04F79EFBC}") = "CPSS.Common.Core.DataAccess", "Common\CPSS.Common.Core.DataAccess\CPSS.Common.Core.DataAccess.csproj", "{6700B0A7-1099-45E9-B496-EF01A3DE5960}"
EndProject
Project("{2150E333-8FDC-42A3-9474-1A3956D46DE8}") = "C", "C", "{309E86BB-003D-4829-8A46-B81F8DEF96A2}"
EndProject
Project("{FAE04EC0-301F-11D3-BF4B-00C04F79EFBC}") = "CPSS.Common.Core.Exception", "Common\CPSS.Common.Core.Exception\CPSS.Common.Core.Exception.csproj", "{1BA135E5-7027-43F0-80C5-1637E9A31666}"
EndProject
Project("{FAE04EC0-301F-11D3-BF4B-00C04F79EFBC}") = "CPSS.Common.Core.Mvc", "Common\CPSS.Common.Core.Mvc\CPSS.Common.Core.Mvc.csproj", "{10BEFE5A-108D-44E0-8715-E42B814C75A5}"
EndProject
Project("{FAE04EC0-301F-11D3-BF4B-00C04F79EFBC}") = "CPSS.Common.Core.Type", "Common\CPSS.Common.Core.Type\CPSS.Common.Core.Type.csproj", "{D136F3C8-F518-4071-90CF-26FB8B8E296A}"
EndProject
Project("{FAE04EC0-301F-11D3-BF4B-00C04F79EFBC}") = "CPSS.Common.Core.Validation", "Common\CPSS.Common.Core.Validation\CPSS.Common.Core.Validation.csproj", "{BBF0EFFC-813A-41D1-B78E-0D32B27DE630}"
EndProject
Project("{FAE04EC0-301F-11D3-BF4B-00C04F79EFBC}") = "CPSS.Common.Core.HTTP", "Common\CPSS.Common.HTTP\CPSS.Common.Core.HTTP.csproj", "{D23E364C-26D0-4409-AE2D-9DB5AF4FA572}"
EndProject
Project("{2150E333-8FDC-42A3-9474-1A3956D46DE8}") = "02-Data", "02-Data", "{4977F4A2-6AE9-4C2C-8CCD-9EBB1B8EA768}"
EndProject
Project("{FAE04EC0-301F-11D3-BF4B-00C04F79EFBC}") = "CPSS.Data.DataAccess", "Data\CPSS.Data.DataAccess\CPSS.Data.DataAccess.csproj", "{40657EA0-4675-4383-B704-14C6D18E2044}"
EndProject
Project("{FAE04EC0-301F-11D3-BF4B-00C04F79EFBC}") = "CPSS.Data.DataAcess.DataModels", "Data\CPSS.Data.DataAcess.DataModels\CPSS.Data.DataAcess.DataModels.csproj", "{4D260557-883D-4DAC-B1FC-E2F4D031F106}"
EndProject
Project("{FAE04EC0-301F-11D3-BF4B-00C04F79EFBC}") = "CPSS.Data.DataAccess.Interfaces", "Data\CPSS.Data.DataAccess.Interfaces\CPSS.Data.DataAccess.Interfaces.csproj", "{B95A4CE0-B75A-41FE-91A1-C6A69E6A9AC7}"
EndProject
Project("{FAE04EC0-301F-11D3-BF4B-00C04F79EFBC}") = "CPSS.Data.DataAccess.DataModelMapper", "Data\CPSS.Data.DataAccess.DataModelMapper\CPSS.Data.DataAccess.DataModelMapper.csproj", "{2B0BCED4-F371-46AB-9F1B-7D018C5C28E3}"
EndProject
Project("{2150E333-8FDC-42A3-9474-1A3956D46DE8}") = "03-Service", "03-Service", "{42E00763-A664-468E-B70F-571F3571F113}"
EndProject
Project("{FAE04EC0-301F-11D3-BF4B-00C04F79EFBC}") = "CPSS.Service.ViewService.ViewModels", "Service\CPSS.Service.ViewService.ViewModels\CPSS.Service.ViewService.ViewModels.csproj", "{DC83CBE0-F68C-4B4C-90E4-4131C729B80A}"
EndProject
Project("{FAE04EC0-301F-11D3-BF4B-00C04F79EFBC}") = "CPSS.Service.ViewService.Interfaces", "Service\CPSS.Service.ViewService.Interfaces\CPSS.Service.ViewService.Interfaces.csproj", "{2EB1A678-F426-4EC9-BBE0-F6312F985784}"
EndProject
Project("{FAE04EC0-301F-11D3-BF4B-00C04F79EFBC}") = "CPSS.Service.ViewService", "Service\CPSS.Service.ViewService\CPSS.Service.ViewService.csproj", "{4E5DB593-39A3-47B5-B0AD-4CBBE50B73CD}"
EndProject
Project("{2150E333-8FDC-42A3-9474-1A3956D46DE8}") = "04-WWW", "04-WWW", "{C9C6C864-8376-4456-81D6-51300BF3B32F}"
EndProject
Project("{FAE04EC0-301F-11D3-BF4B-00C04F79EFBC}") = "CPSS.Web", "WWW\CPSS.Web\CPSS.Web.csproj", "{C3AFF5BC-AD38-4090-A0D2-E9FDC3887B09}"
EndProject
Global
	GlobalSection(SolutionConfigurationPlatforms) = preSolution
		Debug|Any CPU = Debug|Any CPU
		Release|Any CPU = Release|Any CPU
	EndGlobalSection
	GlobalSection(ProjectConfigurationPlatforms) = postSolution
		{0FACB83C-5540-401C-A87D-B06FAE50ABED}.Debug|Any CPU.ActiveCfg = Debug|Any CPU
		{0FACB83C-5540-401C-A87D-B06FAE50ABED}.Debug|Any CPU.Build.0 = Debug|Any CPU
		{0FACB83C-5540-401C-A87D-B06FAE50ABED}.Release|Any CPU.ActiveCfg = Release|Any CPU
		{0FACB83C-5540-401C-A87D-B06FAE50ABED}.Release|Any CPU.Build.0 = Release|Any CPU
		{52AA19B4-E29E-4237-95F0-58C7E1EAA46D}.Debug|Any CPU.ActiveCfg = Debug|Any CPU
		{52AA19B4-E29E-4237-95F0-58C7E1EAA46D}.Debug|Any CPU.Build.0 = Debug|Any CPU
		{52AA19B4-E29E-4237-95F0-58C7E1EAA46D}.Release|Any CPU.ActiveCfg = Release|Any CPU
		{52AA19B4-E29E-4237-95F0-58C7E1EAA46D}.Release|Any CPU.Build.0 = Release|Any CPU
		{6700B0A7-1099-45E9-B496-EF01A3DE5960}.Debug|Any CPU.ActiveCfg = Debug|Any CPU
		{6700B0A7-1099-45E9-B496-EF01A3DE5960}.Debug|Any CPU.Build.0 = Debug|Any CPU
		{6700B0A7-1099-45E9-B496-EF01A3DE5960}.Release|Any CPU.ActiveCfg = Release|Any CPU
		{6700B0A7-1099-45E9-B496-EF01A3DE5960}.Release|Any CPU.Build.0 = Release|Any CPU
		{1BA135E5-7027-43F0-80C5-1637E9A31666}.Debug|Any CPU.ActiveCfg = Debug|Any CPU
		{1BA135E5-7027-43F0-80C5-1637E9A31666}.Debug|Any CPU.Build.0 = Debug|Any CPU
		{1BA135E5-7027-43F0-80C5-1637E9A31666}.Release|Any CPU.ActiveCfg = Release|Any CPU
		{1BA135E5-7027-43F0-80C5-1637E9A31666}.Release|Any CPU.Build.0 = Release|Any CPU
		{10BEFE5A-108D-44E0-8715-E42B814C75A5}.Debug|Any CPU.ActiveCfg = Debug|Any CPU
		{10BEFE5A-108D-44E0-8715-E42B814C75A5}.Debug|Any CPU.Build.0 = Debug|Any CPU
		{10BEFE5A-108D-44E0-8715-E42B814C75A5}.Release|Any CPU.ActiveCfg = Release|Any CPU
		{10BEFE5A-108D-44E0-8715-E42B814C75A5}.Release|Any CPU.Build.0 = Release|Any CPU
		{D136F3C8-F518-4071-90CF-26FB8B8E296A}.Debug|Any CPU.ActiveCfg = Debug|Any CPU
		{D136F3C8-F518-4071-90CF-26FB8B8E296A}.Debug|Any CPU.Build.0 = Debug|Any CPU
		{D136F3C8-F518-4071-90CF-26FB8B8E296A}.Release|Any CPU.ActiveCfg = Release|Any CPU
		{D136F3C8-F518-4071-90CF-26FB8B8E296A}.Release|Any CPU.Build.0 = Release|Any CPU
		{BBF0EFFC-813A-41D1-B78E-0D32B27DE630}.Debug|Any CPU.ActiveCfg = Debug|Any CPU
		{BBF0EFFC-813A-41D1-B78E-0D32B27DE630}.Debug|Any CPU.Build.0 = Debug|Any CPU
		{BBF0EFFC-813A-41D1-B78E-0D32B27DE630}.Release|Any CPU.ActiveCfg = Release|Any CPU
		{BBF0EFFC-813A-41D1-B78E-0D32B27DE630}.Release|Any CPU.Build.0 = Release|Any CPU
		{D23E364C-26D0-4409-AE2D-9DB5AF4FA572}.Debug|Any CPU.ActiveCfg = Debug|Any CPU
		{D23E364C-26D0-4409-AE2D-9DB5AF4FA572}.Debug|Any CPU.Build.0 = Debug|Any CPU
		{D23E364C-26D0-4409-AE2D-9DB5AF4FA572}.Release|Any CPU.ActiveCfg = Release|Any CPU
		{D23E364C-26D0-4409-AE2D-9DB5AF4FA572}.Release|Any CPU.Build.0 = Release|Any CPU
		{40657EA0-4675-4383-B704-14C6D18E2044}.Debug|Any CPU.ActiveCfg = Debug|Any CPU
		{40657EA0-4675-4383-B704-14C6D18E2044}.Debug|Any CPU.Build.0 = Debug|Any CPU
		{40657EA0-4675-4383-B704-14C6D18E2044}.Release|Any CPU.ActiveCfg = Release|Any CPU
		{40657EA0-4675-4383-B704-14C6D18E2044}.Release|Any CPU.Build.0 = Release|Any CPU
		{4D260557-883D-4DAC-B1FC-E2F4D031F106}.Debug|Any CPU.ActiveCfg = Debug|Any CPU
		{4D260557-883D-4DAC-B1FC-E2F4D031F106}.Debug|Any CPU.Build.0 = Debug|Any CPU
		{4D260557-883D-4DAC-B1FC-E2F4D031F106}.Release|Any CPU.ActiveCfg = Release|Any CPU
		{4D260557-883D-4DAC-B1FC-E2F4D031F106}.Release|Any CPU.Build.0 = Release|Any CPU
		{B95A4CE0-B75A-41FE-91A1-C6A69E6A9AC7}.Debug|Any CPU.ActiveCfg = Debug|Any CPU
		{B95A4CE0-B75A-41FE-91A1-C6A69E6A9AC7}.Debug|Any CPU.Build.0 = Debug|Any CPU
		{B95A4CE0-B75A-41FE-91A1-C6A69E6A9AC7}.Release|Any CPU.ActiveCfg = Release|Any CPU
		{B95A4CE0-B75A-41FE-91A1-C6A69E6A9AC7}.Release|Any CPU.Build.0 = Release|Any CPU
		{2B0BCED4-F371-46AB-9F1B-7D018C5C28E3}.Debug|Any CPU.ActiveCfg = Debug|Any CPU
		{2B0BCED4-F371-46AB-9F1B-7D018C5C28E3}.Debug|Any CPU.Build.0 = Debug|Any CPU
		{2B0BCED4-F371-46AB-9F1B-7D018C5C28E3}.Release|Any CPU.ActiveCfg = Release|Any CPU
		{2B0BCED4-F371-46AB-9F1B-7D018C5C28E3}.Release|Any CPU.Build.0 = Release|Any CPU
		{DC83CBE0-F68C-4B4C-90E4-4131C729B80A}.Debug|Any CPU.ActiveCfg = Debug|Any CPU
		{DC83CBE0-F68C-4B4C-90E4-4131C729B80A}.Debug|Any CPU.Build.0 = Debug|Any CPU
		{DC83CBE0-F68C-4B4C-90E4-4131C729B80A}.Release|Any CPU.ActiveCfg = Release|Any CPU
		{DC83CBE0-F68C-4B4C-90E4-4131C729B80A}.Release|Any CPU.Build.0 = Release|Any CPU
		{2EB1A678-F426-4EC9-BBE0-F6312F985784}.Debug|Any CPU.ActiveCfg = Debug|Any CPU
		{2EB1A678-F426-4EC9-BBE0-F6312F985784}.Debug|Any CPU.Build.0 = Debug|Any CPU
		{2EB1A678-F426-4EC9-BBE0-F6312F985784}.Release|Any CPU.ActiveCfg = Release|Any CPU
		{2EB1A678-F426-4EC9-BBE0-F6312F985784}.Release|Any CPU.Build.0 = Release|Any CPU
		{4E5DB593-39A3-47B5-B0AD-4CBBE50B73CD}.Debug|Any CPU.ActiveCfg = Debug|Any CPU
		{4E5DB593-39A3-47B5-B0AD-4CBBE50B73CD}.Debug|Any CPU.Build.0 = Debug|Any CPU
		{4E5DB593-39A3-47B5-B0AD-4CBBE50B73CD}.Release|Any CPU.ActiveCfg = Release|Any CPU
		{4E5DB593-39A3-47B5-B0AD-4CBBE50B73CD}.Release|Any CPU.Build.0 = Release|Any CPU
		{C3AFF5BC-AD38-4090-A0D2-E9FDC3887B09}.Debug|Any CPU.ActiveCfg = Debug|Any CPU
		{C3AFF5BC-AD38-4090-A0D2-E9FDC3887B09}.Debug|Any CPU.Build.0 = Debug|Any CPU
		{C3AFF5BC-AD38-4090-A0D2-E9FDC3887B09}.Release|Any CPU.ActiveCfg = Release|Any CPU
		{C3AFF5BC-AD38-4090-A0D2-E9FDC3887B09}.Release|Any CPU.Build.0 = Release|Any CPU
	EndGlobalSection
	GlobalSection(SolutionProperties) = preSolution
		HideSolutionNode = FALSE
	EndGlobalSection
	GlobalSection(NestedProjects) = preSolution
		{0FACB83C-5540-401C-A87D-B06FAE50ABED} = {DB51764E-BD54-44CA-B130-EB5BE9673E47}
		{52AA19B4-E29E-4237-95F0-58C7E1EAA46D} = {EBA09683-8DE2-4B6C-8AFA-2B21A9A0D3CA}
		{EBA09683-8DE2-4B6C-8AFA-2B21A9A0D3CA} = {7F2DA74E-AB87-4362-9AC8-4B5BB53975D0}
		{DB51764E-BD54-44CA-B130-EB5BE9673E47} = {7F2DA74E-AB87-4362-9AC8-4B5BB53975D0}
		{6700B0A7-1099-45E9-B496-EF01A3DE5960} = {309E86BB-003D-4829-8A46-B81F8DEF96A2}
		{309E86BB-003D-4829-8A46-B81F8DEF96A2} = {7F2DA74E-AB87-4362-9AC8-4B5BB53975D0}
		{1BA135E5-7027-43F0-80C5-1637E9A31666} = {EBA09683-8DE2-4B6C-8AFA-2B21A9A0D3CA}
		{10BEFE5A-108D-44E0-8715-E42B814C75A5} = {309E86BB-003D-4829-8A46-B81F8DEF96A2}
		{D136F3C8-F518-4071-90CF-26FB8B8E296A} = {EBA09683-8DE2-4B6C-8AFA-2B21A9A0D3CA}
		{BBF0EFFC-813A-41D1-B78E-0D32B27DE630} = {EBA09683-8DE2-4B6C-8AFA-2B21A9A0D3CA}
		{D23E364C-26D0-4409-AE2D-9DB5AF4FA572} = {DB51764E-BD54-44CA-B130-EB5BE9673E47}
		{40657EA0-4675-4383-B704-14C6D18E2044} = {4977F4A2-6AE9-4C2C-8CCD-9EBB1B8EA768}
		{4D260557-883D-4DAC-B1FC-E2F4D031F106} = {4977F4A2-6AE9-4C2C-8CCD-9EBB1B8EA768}
		{B95A4CE0-B75A-41FE-91A1-C6A69E6A9AC7} = {4977F4A2-6AE9-4C2C-8CCD-9EBB1B8EA768}
		{2B0BCED4-F371-46AB-9F1B-7D018C5C28E3} = {4977F4A2-6AE9-4C2C-8CCD-9EBB1B8EA768}
		{DC83CBE0-F68C-4B4C-90E4-4131C729B80A} = {42E00763-A664-468E-B70F-571F3571F113}
		{2EB1A678-F426-4EC9-BBE0-F6312F985784} = {42E00763-A664-468E-B70F-571F3571F113}
		{4E5DB593-39A3-47B5-B0AD-4CBBE50B73CD} = {42E00763-A664-468E-B70F-571F3571F113}
		{C3AFF5BC-AD38-4090-A0D2-E9FDC3887B09} = {C9C6C864-8376-4456-81D6-51300BF3B32F}
	EndGlobalSection
EndGlobal
